
Microsoft Visual Studio Solution File, Format Version 12.00
# Visual Studio 15
VisualStudioVersion = 15.0.26124.0
MinimumVisualStudioVersion = 15.0.26124.0
Project("{2150E333-8FDC-42A3-9474-1A3956D46DE8}") = "src", "src", "{4E6BB7C8-B86A-4F21-9F6F-E84E5CBE5041}"
EndProject
Project("{FAE04EC0-301F-11D3-BF4B-00C04F79EFBC}") = "Specification", "src\Specification\Specification.csproj", "{5088F817-3B54-4D43-BF2A-089DA21063F2}"
EndProject
Global
	GlobalSection(SolutionConfigurationPlatforms) = preSolution
		Debug|Any CPU = Debug|Any CPU
		Debug|x64 = Debug|x64
		Debug|x86 = Debug|x86
		Release|Any CPU = Release|Any CPU
		Release|x64 = Release|x64
		Release|x86 = Release|x86
	EndGlobalSection
	GlobalSection(SolutionProperties) = preSolution
		HideSolutionNode = FALSE
	EndGlobalSection
	GlobalSection(ProjectConfigurationPlatforms) = postSolution
		{5088F817-3B54-4D43-BF2A-089DA21063F2}.Debug|Any CPU.ActiveCfg = Debug|Any CPU
		{5088F817-3B54-4D43-BF2A-089DA21063F2}.Debug|Any CPU.Build.0 = Debug|Any CPU
		{5088F817-3B54-4D43-BF2A-089DA21063F2}.Debug|x64.ActiveCfg = Debug|Any CPU
		{5088F817-3B54-4D43-BF2A-089DA21063F2}.Debug|x64.Build.0 = Debug|Any CPU
		{5088F817-3B54-4D43-BF2A-089DA21063F2}.Debug|x86.ActiveCfg = Debug|Any CPU
		{5088F817-3B54-4D43-BF2A-089DA21063F2}.Debug|x86.Build.0 = Debug|Any CPU
		{5088F817-3B54-4D43-BF2A-089DA21063F2}.Release|Any CPU.ActiveCfg = Release|Any CPU
		{5088F817-3B54-4D43-BF2A-089DA21063F2}.Release|Any CPU.Build.0 = Release|Any CPU
		{5088F817-3B54-4D43-BF2A-089DA21063F2}.Release|x64.ActiveCfg = Release|Any CPU
		{5088F817-3B54-4D43-BF2A-089DA21063F2}.Release|x64.Build.0 = Release|Any CPU
		{5088F817-3B54-4D43-BF2A-089DA21063F2}.Release|x86.ActiveCfg = Release|Any CPU
		{5088F817-3B54-4D43-BF2A-089DA21063F2}.Release|x86.Build.0 = Release|Any CPU
	EndGlobalSection
	GlobalSection(NestedProjects) = preSolution
		{5088F817-3B54-4D43-BF2A-089DA21063F2} = {4E6BB7C8-B86A-4F21-9F6F-E84E5CBE5041}
	EndGlobalSection
EndGlobal
